// !$*UTF8*$!
{
	archiveVersion = 1;
	classes = {
	};
	objectVersion = 46;
	objects = {

/* Begin PBXBuildFile section */
		6508CB241BE8C9D6002AEC36 /* KeychainAccess.framework in Frameworks */ = {isa = PBXBuildFile; fileRef = 6508CB231BE8C9D6002AEC36 /* KeychainAccess.framework */; };
		653917531BE915FB00EEAD6C /* PublicTableViewCell.swift in Sources */ = {isa = PBXBuildFile; fileRef = 653917521BE915FB00EEAD6C /* PublicTableViewCell.swift */; };
		653917561BE9227100EEAD6C /* FAction.swift in Sources */ = {isa = PBXBuildFile; fileRef = 653917551BE9227100EEAD6C /* FAction.swift */; };
		6540A76E1BEA545B0056D692 /* Config.swift in Sources */ = {isa = PBXBuildFile; fileRef = 6540A76D1BEA545B0056D692 /* Config.swift */; };
		6540A7701BEA6B870056D692 /* DeviceGuru.swift in Sources */ = {isa = PBXBuildFile; fileRef = 6540A76F1BEA6B870056D692 /* DeviceGuru.swift */; };
		65496E8B1BF1295A00117B50 /* images in Resources */ = {isa = PBXBuildFile; fileRef = 65496E8A1BF1295A00117B50 /* images */; };
		65496E8D1BF12D1600117B50 /* newFlux.swift in Sources */ = {isa = PBXBuildFile; fileRef = 65496E8C1BF12D1600117B50 /* newFlux.swift */; };
		6557A8E81BE600D900891879 /* AppDelegate.swift in Sources */ = {isa = PBXBuildFile; fileRef = 6557A8E71BE600D900891879 /* AppDelegate.swift */; };
		6557A8ED1BE600D900891879 /* Main.storyboard in Resources */ = {isa = PBXBuildFile; fileRef = 6557A8EB1BE600D900891879 /* Main.storyboard */; };
		6557A8F01BE600D900891879 /* F.xcdatamodeld in Sources */ = {isa = PBXBuildFile; fileRef = 6557A8EE1BE600D900891879 /* F.xcdatamodeld */; };
		6557A8F21BE600D900891879 /* Assets.xcassets in Resources */ = {isa = PBXBuildFile; fileRef = 6557A8F11BE600D900891879 /* Assets.xcassets */; };
		6557A8F51BE600D900891879 /* LaunchScreen.storyboard in Resources */ = {isa = PBXBuildFile; fileRef = 6557A8F31BE600D900891879 /* LaunchScreen.storyboard */; };
		6557A9001BE600D900891879 /* FTests.swift in Sources */ = {isa = PBXBuildFile; fileRef = 6557A8FF1BE600D900891879 /* FTests.swift */; };
		6557A90B1BE600D900891879 /* FUITests.swift in Sources */ = {isa = PBXBuildFile; fileRef = 6557A90A1BE600D900891879 /* FUITests.swift */; };
		6557A9261BE60F9900891879 /* Alamofire-SwiftyJSON.swift in Sources */ = {isa = PBXBuildFile; fileRef = 6557A9251BE60F9900891879 /* Alamofire-SwiftyJSON.swift */; };
		6557A9281BE6107100891879 /* SwiftyJSON.framework in Frameworks */ = {isa = PBXBuildFile; fileRef = 6557A9271BE6107100891879 /* SwiftyJSON.framework */; };
		6557A92A1BE611FF00891879 /* Alamofire.framework in Frameworks */ = {isa = PBXBuildFile; fileRef = 6557A9291BE611FF00891879 /* Alamofire.framework */; };
		6557A92E1BE6181500891879 /* FluxesTableViewController.swift in Sources */ = {isa = PBXBuildFile; fileRef = 6557A92D1BE6181500891879 /* FluxesTableViewController.swift */; };
		6557A9321BE62E8E00891879 /* FluxesTableViewCell.swift in Sources */ = {isa = PBXBuildFile; fileRef = 6557A9311BE62E8E00891879 /* FluxesTableViewCell.swift */; };
		6557A9411BE6489D00891879 /* Annotation_TableViewCell.swift in Sources */ = {isa = PBXBuildFile; fileRef = 6557A9351BE6489D00891879 /* Annotation_TableViewCell.swift */; };
		6557A9421BE6489D00891879 /* AvatarTableViewCell.swift in Sources */ = {isa = PBXBuildFile; fileRef = 6557A9361BE6489D00891879 /* AvatarTableViewCell.swift */; };
		6557A9431BE6489D00891879 /* BlockButton_TableViewCell.swift in Sources */ = {isa = PBXBuildFile; fileRef = 6557A9371BE6489D00891879 /* BlockButton_TableViewCell.swift */; };
		6557A9441BE6489D00891879 /* FunctionTableViewCell.swift in Sources */ = {isa = PBXBuildFile; fileRef = 6557A9381BE6489D00891879 /* FunctionTableViewCell.swift */; };
		6557A9451BE6489D00891879 /* Indicator_TableViewCell.swift in Sources */ = {isa = PBXBuildFile; fileRef = 6557A9391BE6489D00891879 /* Indicator_TableViewCell.swift */; };
		6557A9461BE6489D00891879 /* PasswordField_TableViewCell.swift in Sources */ = {isa = PBXBuildFile; fileRef = 6557A93A1BE6489D00891879 /* PasswordField_TableViewCell.swift */; };
		6557A9471BE6489D00891879 /* PasswordFieldWithLabel_TableViewCell.swift in Sources */ = {isa = PBXBuildFile; fileRef = 6557A93B1BE6489D00891879 /* PasswordFieldWithLabel_TableViewCell.swift */; };
		6557A9481BE6489D00891879 /* TextField_TableViewCell.swift in Sources */ = {isa = PBXBuildFile; fileRef = 6557A93C1BE6489D00891879 /* TextField_TableViewCell.swift */; };
		6557A9491BE6489D00891879 /* TextFieldTableViewCell.swift in Sources */ = {isa = PBXBuildFile; fileRef = 6557A93D1BE6489D00891879 /* TextFieldTableViewCell.swift */; };
		6557A94A1BE6489D00891879 /* TextFieldWithButton_TableViewCell.swift in Sources */ = {isa = PBXBuildFile; fileRef = 6557A93E1BE6489D00891879 /* TextFieldWithButton_TableViewCell.swift */; };
		6557A94B1BE6489D00891879 /* TextFieldWithLabel_TableViewCell.swift in Sources */ = {isa = PBXBuildFile; fileRef = 6557A93F1BE6489D00891879 /* TextFieldWithLabel_TableViewCell.swift */; };
		6557A94C1BE6489D00891879 /* TextFieldWithLabelFullWidth_TableViewCell.swift in Sources */ = {isa = PBXBuildFile; fileRef = 6557A9401BE6489D00891879 /* TextFieldWithLabelFullWidth_TableViewCell.swift */; };
		6557A94F1BE648E200891879 /* PublicTableViewController.swift in Sources */ = {isa = PBXBuildFile; fileRef = 6557A94E1BE648E200891879 /* PublicTableViewController.swift */; };
		6557A9511BE6492900891879 /* ViewConstants.swift in Sources */ = {isa = PBXBuildFile; fileRef = 6557A9501BE6492900891879 /* ViewConstants.swift */; };
		6557A9551BE65F3900891879 /* FTool.swift in Sources */ = {isa = PBXBuildFile; fileRef = 6557A9541BE65F3900891879 /* FTool.swift */; };
		6557A9571BE65FE000891879 /* Configuration in Resources */ = {isa = PBXBuildFile; fileRef = 6557A9561BE65FE000891879 /* Configuration */; };
		656F3B1F1BEBD2FD004F62C0 /* Login.swift in Sources */ = {isa = PBXBuildFile; fileRef = 656F3B1E1BEBD2FD004F62C0 /* Login.swift */; };
		656F3B211BEBD4CF004F62C0 /* Register.swift in Sources */ = {isa = PBXBuildFile; fileRef = 656F3B201BEBD4CF004F62C0 /* Register.swift */; };
		656F3B231BEBEBC5004F62C0 /* extension.swift in Sources */ = {isa = PBXBuildFile; fileRef = 656F3B221BEBEBC5004F62C0 /* extension.swift */; };
		656F3B261BEC64AE004F62C0 /* UsersList.swift in Sources */ = {isa = PBXBuildFile; fileRef = 656F3B251BEC64AE004F62C0 /* UsersList.swift */; };
		6584E6111BF22354003AB4B5 /* FStatus.swift in Sources */ = {isa = PBXBuildFile; fileRef = 6584E6101BF22354003AB4B5 /* FStatus.swift */; };
		6584E6141BF2242E003AB4B5 /* FStatusProtocols.swift in Sources */ = {isa = PBXBuildFile; fileRef = 6584E6131BF2242E003AB4B5 /* FStatusProtocols.swift */; };
		6584E6161BF22C74003AB4B5 /* FConstant.swift in Sources */ = {isa = PBXBuildFile; fileRef = 6584E6151BF22C74003AB4B5 /* FConstant.swift */; };
		65A59F001BF26BFE0076DCCE /* Localizable_CN.strings in Resources */ = {isa = PBXBuildFile; fileRef = 65A59F021BF26BFE0076DCCE /* Localizable_CN.strings */; };
		65A59F071BF26C5E0076DCCE /* Localizable_EN.strings in Resources */ = {isa = PBXBuildFile; fileRef = 65A59F091BF26C5E0076DCCE /* Localizable_EN.strings */; };
		65A59F6D1BF909510076DCCE /* FNetwork.swift in Sources */ = {isa = PBXBuildFile; fileRef = 65A59F6C1BF909510076DCCE /* FNetwork.swift */; };
		65A59F6F1BF914600076DCCE /* FActionTests.swift in Sources */ = {isa = PBXBuildFile; fileRef = 65A59F6E1BF914600076DCCE /* FActionTests.swift */; };
		65A59F701BF914770076DCCE /* FTool.swift in Sources */ = {isa = PBXBuildFile; fileRef = 6557A9541BE65F3900891879 /* FTool.swift */; };
		65A59F711BF9147B0076DCCE /* FAction.swift in Sources */ = {isa = PBXBuildFile; fileRef = 653917551BE9227100EEAD6C /* FAction.swift */; };
		65A59F721BF9147E0076DCCE /* FHelper.swift in Sources */ = {isa = PBXBuildFile; fileRef = 65CB24C11BEE296C009E988E /* FHelper.swift */; };
		65A59F731BF914810076DCCE /* FStatus.swift in Sources */ = {isa = PBXBuildFile; fileRef = 6584E6101BF22354003AB4B5 /* FStatus.swift */; };
		65A59F741BF914870076DCCE /* FConstant.swift in Sources */ = {isa = PBXBuildFile; fileRef = 6584E6151BF22C74003AB4B5 /* FConstant.swift */; };
		65A59F751BF9148A0076DCCE /* FNetwork.swift in Sources */ = {isa = PBXBuildFile; fileRef = 65A59F6C1BF909510076DCCE /* FNetwork.swift */; };
		65A59F761BF914AB0076DCCE /* Alamofire.framework in Frameworks */ = {isa = PBXBuildFile; fileRef = 6557A9291BE611FF00891879 /* Alamofire.framework */; };
		65A59F771BF914AB0076DCCE /* KeychainAccess.framework in Frameworks */ = {isa = PBXBuildFile; fileRef = 6508CB231BE8C9D6002AEC36 /* KeychainAccess.framework */; };
		65A59F781BF914AB0076DCCE /* SwiftyJSON.framework in Frameworks */ = {isa = PBXBuildFile; fileRef = 6557A9271BE6107100891879 /* SwiftyJSON.framework */; };
		65A59F7A1BF915420076DCCE /* User.swift in Sources */ = {isa = PBXBuildFile; fileRef = 65CB24C41BEE2DEA009E988E /* User.swift */; };
		65A59F7B1BF915460076DCCE /* FStatusProtocols.swift in Sources */ = {isa = PBXBuildFile; fileRef = 6584E6131BF2242E003AB4B5 /* FStatusProtocols.swift */; };
		65A59F7C1BF9155C0076DCCE /* PublicTableViewController.swift in Sources */ = {isa = PBXBuildFile; fileRef = 6557A94E1BE648E200891879 /* PublicTableViewController.swift */; };
		65A59F7D1BF915650076DCCE /* Config.swift in Sources */ = {isa = PBXBuildFile; fileRef = 6540A76D1BEA545B0056D692 /* Config.swift */; };
		65A59F7E1BF9157A0076DCCE /* ViewConstants.swift in Sources */ = {isa = PBXBuildFile; fileRef = 6557A9501BE6492900891879 /* ViewConstants.swift */; };
		65A59F801BF915CE0076DCCE /* DeviceGuru.swift in Sources */ = {isa = PBXBuildFile; fileRef = 6540A76F1BEA6B870056D692 /* DeviceGuru.swift */; };
		65A59F821BF915CE0076DCCE /* Bridging-Header.h in Sources */ = {isa = PBXBuildFile; fileRef = 656F3B241BEBECB8004F62C0 /* Bridging-Header.h */; };
		65A59F831BF915D50076DCCE /* TextFieldTableViewCell.swift in Sources */ = {isa = PBXBuildFile; fileRef = 6557A93D1BE6489D00891879 /* TextFieldTableViewCell.swift */; };
		65A59F841BF915D50076DCCE /* PublicTableViewCell.swift in Sources */ = {isa = PBXBuildFile; fileRef = 653917521BE915FB00EEAD6C /* PublicTableViewCell.swift */; };
		65A59F851BF915D50076DCCE /* Annotation_TableViewCell.swift in Sources */ = {isa = PBXBuildFile; fileRef = 6557A9351BE6489D00891879 /* Annotation_TableViewCell.swift */; };
		65A59F861BF915D50076DCCE /* AvatarTableViewCell.swift in Sources */ = {isa = PBXBuildFile; fileRef = 6557A9361BE6489D00891879 /* AvatarTableViewCell.swift */; };
		65A59F871BF915D50076DCCE /* BlockButton_TableViewCell.swift in Sources */ = {isa = PBXBuildFile; fileRef = 6557A9371BE6489D00891879 /* BlockButton_TableViewCell.swift */; };
		65A59F881BF915D50076DCCE /* FunctionTableViewCell.swift in Sources */ = {isa = PBXBuildFile; fileRef = 6557A9381BE6489D00891879 /* FunctionTableViewCell.swift */; };
		65A59F891BF915D50076DCCE /* Indicator_TableViewCell.swift in Sources */ = {isa = PBXBuildFile; fileRef = 6557A9391BE6489D00891879 /* Indicator_TableViewCell.swift */; };
		65A59F8A1BF915D50076DCCE /* PasswordField_TableViewCell.swift in Sources */ = {isa = PBXBuildFile; fileRef = 6557A93A1BE6489D00891879 /* PasswordField_TableViewCell.swift */; };
		65A59F8B1BF915D50076DCCE /* PasswordFieldWithLabel_TableViewCell.swift in Sources */ = {isa = PBXBuildFile; fileRef = 6557A93B1BE6489D00891879 /* PasswordFieldWithLabel_TableViewCell.swift */; };
		65A59F8C1BF915D50076DCCE /* TextField_TableViewCell.swift in Sources */ = {isa = PBXBuildFile; fileRef = 6557A93C1BE6489D00891879 /* TextField_TableViewCell.swift */; };
		65A59F8D1BF915D50076DCCE /* TextFieldWithButton_TableViewCell.swift in Sources */ = {isa = PBXBuildFile; fileRef = 6557A93E1BE6489D00891879 /* TextFieldWithButton_TableViewCell.swift */; };
		65A59F8E1BF915D50076DCCE /* TextFieldWithLabel_TableViewCell.swift in Sources */ = {isa = PBXBuildFile; fileRef = 6557A93F1BE6489D00891879 /* TextFieldWithLabel_TableViewCell.swift */; };
		65A59F8F1BF915D50076DCCE /* TextFieldWithLabelFullWidth_TableViewCell.swift in Sources */ = {isa = PBXBuildFile; fileRef = 6557A9401BE6489D00891879 /* TextFieldWithLabelFullWidth_TableViewCell.swift */; };
		65A59F901BF915EC0076DCCE /* UIViewControllerExtension.swift in Sources */ = {isa = PBXBuildFile; fileRef = 65CB24BF1BEE25BE009E988E /* UIViewControllerExtension.swift */; };
		65A59F911BF915EC0076DCCE /* FluxesTableViewCell.swift in Sources */ = {isa = PBXBuildFile; fileRef = 6557A9311BE62E8E00891879 /* FluxesTableViewCell.swift */; };
		65A59F921BF915EC0076DCCE /* FluxCell.swift in Sources */ = {isa = PBXBuildFile; fileRef = 65FC06651BEE1F1F007D5DE6 /* FluxCell.swift */; };
		65A59F931BF915EC0076DCCE /* MainTabBarController.swift in Sources */ = {isa = PBXBuildFile; fileRef = 65CB24C61BEE42C3009E988E /* MainTabBarController.swift */; };
		65A59F941BF915EC0076DCCE /* FluxesTableViewController.swift in Sources */ = {isa = PBXBuildFile; fileRef = 6557A92D1BE6181500891879 /* FluxesTableViewController.swift */; };
		65A59F951BF915EC0076DCCE /* Flux.swift in Sources */ = {isa = PBXBuildFile; fileRef = 65FC06631BEE1CDF007D5DE6 /* Flux.swift */; };
		65A59F961BF915EC0076DCCE /* newFlux.swift in Sources */ = {isa = PBXBuildFile; fileRef = 65496E8C1BF12D1600117B50 /* newFlux.swift */; };
		65A59F971BF915EC0076DCCE /* Login.swift in Sources */ = {isa = PBXBuildFile; fileRef = 656F3B1E1BEBD2FD004F62C0 /* Login.swift */; };
		65A59F981BF915EC0076DCCE /* Register.swift in Sources */ = {isa = PBXBuildFile; fileRef = 656F3B201BEBD4CF004F62C0 /* Register.swift */; };
		65A59F991BF915EC0076DCCE /* UsersList.swift in Sources */ = {isa = PBXBuildFile; fileRef = 656F3B251BEC64AE004F62C0 /* UsersList.swift */; };
		65A59F9B1BF91A0C0076DCCE /* Alamofire-SwiftyJSON.h in Sources */ = {isa = PBXBuildFile; fileRef = 65A59F9A1BF919ED0076DCCE /* Alamofire-SwiftyJSON.h */; };
		65A59F9C1BF91A120076DCCE /* Alamofire-SwiftyJSON.h in Sources */ = {isa = PBXBuildFile; fileRef = 65A59F9A1BF919ED0076DCCE /* Alamofire-SwiftyJSON.h */; };
		65CB24C01BEE25BE009E988E /* UIViewControllerExtension.swift in Sources */ = {isa = PBXBuildFile; fileRef = 65CB24BF1BEE25BE009E988E /* UIViewControllerExtension.swift */; };
		65CB24C21BEE296C009E988E /* FHelper.swift in Sources */ = {isa = PBXBuildFile; fileRef = 65CB24C11BEE296C009E988E /* FHelper.swift */; };
		65CB24C51BEE2DEA009E988E /* User.swift in Sources */ = {isa = PBXBuildFile; fileRef = 65CB24C41BEE2DEA009E988E /* User.swift */; };
		65CB24C71BEE42C3009E988E /* MainTabBarController.swift in Sources */ = {isa = PBXBuildFile; fileRef = 65CB24C61BEE42C3009E988E /* MainTabBarController.swift */; };
		65FC06641BEE1CDF007D5DE6 /* Flux.swift in Sources */ = {isa = PBXBuildFile; fileRef = 65FC06631BEE1CDF007D5DE6 /* Flux.swift */; };
		65FC06661BEE1F1F007D5DE6 /* FluxCell.swift in Sources */ = {isa = PBXBuildFile; fileRef = 65FC06651BEE1F1F007D5DE6 /* FluxCell.swift */; };
/* End PBXBuildFile section */

/* Begin PBXContainerItemProxy section */
		6557A8FC1BE600D900891879 /* PBXContainerItemProxy */ = {
			isa = PBXContainerItemProxy;
			containerPortal = 6557A8DC1BE600D900891879 /* Project object */;
			proxyType = 1;
			remoteGlobalIDString = 6557A8E31BE600D900891879;
			remoteInfo = F;
		};
		6557A9071BE600D900891879 /* PBXContainerItemProxy */ = {
			isa = PBXContainerItemProxy;
			containerPortal = 6557A8DC1BE600D900891879 /* Project object */;
			proxyType = 1;
			remoteGlobalIDString = 6557A8E31BE600D900891879;
			remoteInfo = F;
		};
/* End PBXContainerItemProxy section */

/* Begin PBXFileReference section */
		6508CB231BE8C9D6002AEC36 /* KeychainAccess.framework */ = {isa = PBXFileReference; lastKnownFileType = wrapper.framework; name = KeychainAccess.framework; path = Carthage/Build/iOS/KeychainAccess.framework; sourceTree = "<group>"; };
		653917521BE915FB00EEAD6C /* PublicTableViewCell.swift */ = {isa = PBXFileReference; fileEncoding = 4; lastKnownFileType = sourcecode.swift; path = PublicTableViewCell.swift; sourceTree = "<group>"; };
		653917551BE9227100EEAD6C /* FAction.swift */ = {isa = PBXFileReference; fileEncoding = 4; lastKnownFileType = sourcecode.swift; path = FAction.swift; sourceTree = "<group>"; };
		6540A76D1BEA545B0056D692 /* Config.swift */ = {isa = PBXFileReference; fileEncoding = 4; lastKnownFileType = sourcecode.swift; path = Config.swift; sourceTree = "<group>"; };
		6540A76F1BEA6B870056D692 /* DeviceGuru.swift */ = {isa = PBXFileReference; fileEncoding = 4; lastKnownFileType = sourcecode.swift; path = DeviceGuru.swift; sourceTree = "<group>"; };
		65496E8A1BF1295A00117B50 /* images */ = {isa = PBXFileReference; lastKnownFileType = folder; path = images; sourceTree = "<group>"; };
		65496E8C1BF12D1600117B50 /* newFlux.swift */ = {isa = PBXFileReference; fileEncoding = 4; lastKnownFileType = sourcecode.swift; path = newFlux.swift; sourceTree = "<group>"; };
		6557A8E41BE600D900891879 /* F.app */ = {isa = PBXFileReference; explicitFileType = wrapper.application; includeInIndex = 0; path = F.app; sourceTree = BUILT_PRODUCTS_DIR; };
		6557A8E71BE600D900891879 /* AppDelegate.swift */ = {isa = PBXFileReference; lastKnownFileType = sourcecode.swift; path = AppDelegate.swift; sourceTree = "<group>"; };
		6557A8EC1BE600D900891879 /* Base */ = {isa = PBXFileReference; lastKnownFileType = file.storyboard; name = Base; path = Base.lproj/Main.storyboard; sourceTree = "<group>"; };
		6557A8EF1BE600D900891879 /* F.xcdatamodel */ = {isa = PBXFileReference; lastKnownFileType = wrapper.xcdatamodel; path = F.xcdatamodel; sourceTree = "<group>"; };
		6557A8F11BE600D900891879 /* Assets.xcassets */ = {isa = PBXFileReference; lastKnownFileType = folder.assetcatalog; path = Assets.xcassets; sourceTree = "<group>"; };
		6557A8F41BE600D900891879 /* Base */ = {isa = PBXFileReference; lastKnownFileType = file.storyboard; name = Base; path = Base.lproj/LaunchScreen.storyboard; sourceTree = "<group>"; };
		6557A8F61BE600D900891879 /* Info.plist */ = {isa = PBXFileReference; lastKnownFileType = text.plist.xml; path = Info.plist; sourceTree = "<group>"; };
		6557A8FB1BE600D900891879 /* FTests.xctest */ = {isa = PBXFileReference; explicitFileType = wrapper.cfbundle; includeInIndex = 0; path = FTests.xctest; sourceTree = BUILT_PRODUCTS_DIR; };
		6557A8FF1BE600D900891879 /* FTests.swift */ = {isa = PBXFileReference; lastKnownFileType = sourcecode.swift; path = FTests.swift; sourceTree = "<group>"; };
		6557A9011BE600D900891879 /* Info.plist */ = {isa = PBXFileReference; lastKnownFileType = text.plist.xml; path = Info.plist; sourceTree = "<group>"; };
		6557A9061BE600D900891879 /* FUITests.xctest */ = {isa = PBXFileReference; explicitFileType = wrapper.cfbundle; includeInIndex = 0; path = FUITests.xctest; sourceTree = BUILT_PRODUCTS_DIR; };
		6557A90A1BE600D900891879 /* FUITests.swift */ = {isa = PBXFileReference; lastKnownFileType = sourcecode.swift; path = FUITests.swift; sourceTree = "<group>"; };
		6557A90C1BE600D900891879 /* Info.plist */ = {isa = PBXFileReference; lastKnownFileType = text.plist.xml; path = Info.plist; sourceTree = "<group>"; };
		6557A9251BE60F9900891879 /* Alamofire-SwiftyJSON.swift */ = {isa = PBXFileReference; fileEncoding = 4; lastKnownFileType = sourcecode.swift; path = "Alamofire-SwiftyJSON.swift"; sourceTree = "<group>"; };
		6557A9271BE6107100891879 /* SwiftyJSON.framework */ = {isa = PBXFileReference; lastKnownFileType = wrapper.framework; name = SwiftyJSON.framework; path = Carthage/Build/iOS/SwiftyJSON.framework; sourceTree = "<group>"; };
		6557A9291BE611FF00891879 /* Alamofire.framework */ = {isa = PBXFileReference; lastKnownFileType = wrapper.framework; name = Alamofire.framework; path = Carthage/Build/iOS/Alamofire.framework; sourceTree = "<group>"; };
		6557A92D1BE6181500891879 /* FluxesTableViewController.swift */ = {isa = PBXFileReference; fileEncoding = 4; lastKnownFileType = sourcecode.swift; name = FluxesTableViewController.swift; path = F/Controllers/FluxesTableViewController.swift; sourceTree = SOURCE_ROOT; };
		6557A9311BE62E8E00891879 /* FluxesTableViewCell.swift */ = {isa = PBXFileReference; fileEncoding = 4; lastKnownFileType = sourcecode.swift; path = FluxesTableViewCell.swift; sourceTree = "<group>"; };
		6557A9351BE6489D00891879 /* Annotation_TableViewCell.swift */ = {isa = PBXFileReference; lastKnownFileType = sourcecode.swift; path = Annotation_TableViewCell.swift; sourceTree = "<group>"; };
		6557A9361BE6489D00891879 /* AvatarTableViewCell.swift */ = {isa = PBXFileReference; lastKnownFileType = sourcecode.swift; path = AvatarTableViewCell.swift; sourceTree = "<group>"; };
		6557A9371BE6489D00891879 /* BlockButton_TableViewCell.swift */ = {isa = PBXFileReference; lastKnownFileType = sourcecode.swift; path = BlockButton_TableViewCell.swift; sourceTree = "<group>"; };
		6557A9381BE6489D00891879 /* FunctionTableViewCell.swift */ = {isa = PBXFileReference; lastKnownFileType = sourcecode.swift; path = FunctionTableViewCell.swift; sourceTree = "<group>"; };
		6557A9391BE6489D00891879 /* Indicator_TableViewCell.swift */ = {isa = PBXFileReference; lastKnownFileType = sourcecode.swift; path = Indicator_TableViewCell.swift; sourceTree = "<group>"; };
		6557A93A1BE6489D00891879 /* PasswordField_TableViewCell.swift */ = {isa = PBXFileReference; lastKnownFileType = sourcecode.swift; path = PasswordField_TableViewCell.swift; sourceTree = "<group>"; };
		6557A93B1BE6489D00891879 /* PasswordFieldWithLabel_TableViewCell.swift */ = {isa = PBXFileReference; lastKnownFileType = sourcecode.swift; path = PasswordFieldWithLabel_TableViewCell.swift; sourceTree = "<group>"; };
		6557A93C1BE6489D00891879 /* TextField_TableViewCell.swift */ = {isa = PBXFileReference; lastKnownFileType = sourcecode.swift; path = TextField_TableViewCell.swift; sourceTree = "<group>"; };
		6557A93D1BE6489D00891879 /* TextFieldTableViewCell.swift */ = {isa = PBXFileReference; lastKnownFileType = sourcecode.swift; path = TextFieldTableViewCell.swift; sourceTree = "<group>"; };
		6557A93E1BE6489D00891879 /* TextFieldWithButton_TableViewCell.swift */ = {isa = PBXFileReference; lastKnownFileType = sourcecode.swift; path = TextFieldWithButton_TableViewCell.swift; sourceTree = "<group>"; };
		6557A93F1BE6489D00891879 /* TextFieldWithLabel_TableViewCell.swift */ = {isa = PBXFileReference; lastKnownFileType = sourcecode.swift; path = TextFieldWithLabel_TableViewCell.swift; sourceTree = "<group>"; };
		6557A9401BE6489D00891879 /* TextFieldWithLabelFullWidth_TableViewCell.swift */ = {isa = PBXFileReference; lastKnownFileType = sourcecode.swift; path = TextFieldWithLabelFullWidth_TableViewCell.swift; sourceTree = "<group>"; };
		6557A94E1BE648E200891879 /* PublicTableViewController.swift */ = {isa = PBXFileReference; lastKnownFileType = sourcecode.swift; path = PublicTableViewController.swift; sourceTree = "<group>"; };
		6557A9501BE6492900891879 /* ViewConstants.swift */ = {isa = PBXFileReference; lastKnownFileType = sourcecode.swift; path = ViewConstants.swift; sourceTree = "<group>"; };
		6557A9541BE65F3900891879 /* FTool.swift */ = {isa = PBXFileReference; fileEncoding = 4; lastKnownFileType = sourcecode.swift; path = FTool.swift; sourceTree = "<group>"; };
		6557A9561BE65FE000891879 /* Configuration */ = {isa = PBXFileReference; lastKnownFileType = folder; path = Configuration; sourceTree = "<group>"; };
		656F3B1E1BEBD2FD004F62C0 /* Login.swift */ = {isa = PBXFileReference; fileEncoding = 4; lastKnownFileType = sourcecode.swift; path = Login.swift; sourceTree = "<group>"; };
		656F3B201BEBD4CF004F62C0 /* Register.swift */ = {isa = PBXFileReference; fileEncoding = 4; lastKnownFileType = sourcecode.swift; path = Register.swift; sourceTree = "<group>"; };
		656F3B221BEBEBC5004F62C0 /* extension.swift */ = {isa = PBXFileReference; fileEncoding = 4; lastKnownFileType = sourcecode.swift; path = extension.swift; sourceTree = "<group>"; };
		656F3B241BEBECB8004F62C0 /* Bridging-Header.h */ = {isa = PBXFileReference; lastKnownFileType = sourcecode.c.h; path = "Bridging-Header.h"; sourceTree = "<group>"; };
		656F3B251BEC64AE004F62C0 /* UsersList.swift */ = {isa = PBXFileReference; fileEncoding = 4; lastKnownFileType = sourcecode.swift; path = UsersList.swift; sourceTree = "<group>"; };
		6584E6101BF22354003AB4B5 /* FStatus.swift */ = {isa = PBXFileReference; fileEncoding = 4; lastKnownFileType = sourcecode.swift; path = FStatus.swift; sourceTree = "<group>"; };
		6584E6131BF2242E003AB4B5 /* FStatusProtocols.swift */ = {isa = PBXFileReference; fileEncoding = 4; lastKnownFileType = sourcecode.swift; path = FStatusProtocols.swift; sourceTree = "<group>"; };
		6584E6151BF22C74003AB4B5 /* FConstant.swift */ = {isa = PBXFileReference; fileEncoding = 4; lastKnownFileType = sourcecode.swift; path = FConstant.swift; sourceTree = "<group>"; };
		65A59EFA1BF26A9E0076DCCE /* zh-Hans */ = {isa = PBXFileReference; lastKnownFileType = text.plist.strings; name = "zh-Hans"; path = "zh-Hans.lproj/Main.strings"; sourceTree = "<group>"; };
		65A59EFB1BF26A9E0076DCCE /* zh-Hans */ = {isa = PBXFileReference; lastKnownFileType = text.plist.strings; name = "zh-Hans"; path = "zh-Hans.lproj/LaunchScreen.strings"; sourceTree = "<group>"; };
		65A59EFC1BF26B9C0076DCCE /* en */ = {isa = PBXFileReference; lastKnownFileType = text.plist.strings; name = en; path = en.lproj/Main.strings; sourceTree = "<group>"; };
		65A59EFD1BF26B9C0076DCCE /* en */ = {isa = PBXFileReference; lastKnownFileType = text.plist.strings; name = en; path = en.lproj/LaunchScreen.strings; sourceTree = "<group>"; };
		65A59F011BF26BFE0076DCCE /* zh-Hans */ = {isa = PBXFileReference; lastKnownFileType = text.plist.strings; name = "zh-Hans"; path = "zh-Hans.lproj/Localizable_CN.strings"; sourceTree = "<group>"; };
		65A59F081BF26C5E0076DCCE /* en */ = {isa = PBXFileReference; lastKnownFileType = text.plist.strings; name = en; path = en.lproj/Localizable_EN.strings; sourceTree = "<group>"; };
		65A59F6C1BF909510076DCCE /* FNetwork.swift */ = {isa = PBXFileReference; fileEncoding = 4; lastKnownFileType = sourcecode.swift; path = FNetwork.swift; sourceTree = "<group>"; };
		65A59F6E1BF914600076DCCE /* FActionTests.swift */ = {isa = PBXFileReference; fileEncoding = 4; lastKnownFileType = sourcecode.swift; path = FActionTests.swift; sourceTree = "<group>"; };
		65A59F9A1BF919ED0076DCCE /* Alamofire-SwiftyJSON.h */ = {isa = PBXFileReference; lastKnownFileType = sourcecode.c.h; path = "Alamofire-SwiftyJSON.h"; sourceTree = "<group>"; };
		65CB24BF1BEE25BE009E988E /* UIViewControllerExtension.swift */ = {isa = PBXFileReference; fileEncoding = 4; lastKnownFileType = sourcecode.swift; path = UIViewControllerExtension.swift; sourceTree = "<group>"; };
		65CB24C11BEE296C009E988E /* FHelper.swift */ = {isa = PBXFileReference; fileEncoding = 4; lastKnownFileType = sourcecode.swift; path = FHelper.swift; sourceTree = "<group>"; };
		65CB24C41BEE2DEA009E988E /* User.swift */ = {isa = PBXFileReference; fileEncoding = 4; lastKnownFileType = sourcecode.swift; path = User.swift; sourceTree = "<group>"; };
		65CB24C61BEE42C3009E988E /* MainTabBarController.swift */ = {isa = PBXFileReference; fileEncoding = 4; lastKnownFileType = sourcecode.swift; path = MainTabBarController.swift; sourceTree = "<group>"; };
		65FC06631BEE1CDF007D5DE6 /* Flux.swift */ = {isa = PBXFileReference; fileEncoding = 4; lastKnownFileType = sourcecode.swift; path = Flux.swift; sourceTree = "<group>"; };
		65FC06651BEE1F1F007D5DE6 /* FluxCell.swift */ = {isa = PBXFileReference; fileEncoding = 4; lastKnownFileType = sourcecode.swift; path = FluxCell.swift; sourceTree = "<group>"; };
/* End PBXFileReference section */

/* Begin PBXFrameworksBuildPhase section */
		6557A8E11BE600D900891879 /* Frameworks */ = {
			isa = PBXFrameworksBuildPhase;
			buildActionMask = 2147483647;
			files = (
				6508CB241BE8C9D6002AEC36 /* KeychainAccess.framework in Frameworks */,
				6557A9281BE6107100891879 /* SwiftyJSON.framework in Frameworks */,
				6557A92A1BE611FF00891879 /* Alamofire.framework in Frameworks */,
			);
			runOnlyForDeploymentPostprocessing = 0;
		};
		6557A8F81BE600D900891879 /* Frameworks */ = {
			isa = PBXFrameworksBuildPhase;
			buildActionMask = 2147483647;
			files = (
				65A59F761BF914AB0076DCCE /* Alamofire.framework in Frameworks */,
				65A59F771BF914AB0076DCCE /* KeychainAccess.framework in Frameworks */,
				65A59F781BF914AB0076DCCE /* SwiftyJSON.framework in Frameworks */,
			);
			runOnlyForDeploymentPostprocessing = 0;
		};
		6557A9031BE600D900891879 /* Frameworks */ = {
			isa = PBXFrameworksBuildPhase;
			buildActionMask = 2147483647;
			files = (
			);
			runOnlyForDeploymentPostprocessing = 0;
		};
/* End PBXFrameworksBuildPhase section */

/* Begin PBXGroup section */
		653917541BE9160200EEAD6C /* BasicClass */ = {
			isa = PBXGroup;
			children = (
				6557A93D1BE6489D00891879 /* TextFieldTableViewCell.swift */,
				653917521BE915FB00EEAD6C /* PublicTableViewCell.swift */,
			);
			name = BasicClass;
			sourceTree = "<group>";
		};
		6557A8DB1BE600D900891879 = {
			isa = PBXGroup;
			children = (
				65496E8A1BF1295A00117B50 /* images */,
				6508CB231BE8C9D6002AEC36 /* KeychainAccess.framework */,
				6557A9291BE611FF00891879 /* Alamofire.framework */,
				6557A9271BE6107100891879 /* SwiftyJSON.framework */,
				6557A9561BE65FE000891879 /* Configuration */,
				6557A9241BE60F7D00891879 /* Library */,
				6557A8E61BE600D900891879 /* F */,
				6557A8FE1BE600D900891879 /* FTests */,
				6557A9091BE600D900891879 /* FUITests */,
				6557A8E51BE600D900891879 /* Products */,
			);
			sourceTree = "<group>";
		};
		6557A8E51BE600D900891879 /* Products */ = {
			isa = PBXGroup;
			children = (
				6557A8E41BE600D900891879 /* F.app */,
				6557A8FB1BE600D900891879 /* FTests.xctest */,
				6557A9061BE600D900891879 /* FUITests.xctest */,
			);
			name = Products;
			sourceTree = "<group>";
		};
		6557A8E61BE600D900891879 /* F */ = {
			isa = PBXGroup;
			children = (
				6540A76D1BEA545B0056D692 /* Config.swift */,
				6557A8E71BE600D900891879 /* AppDelegate.swift */,
				6557A8EB1BE600D900891879 /* Main.storyboard */,
				6584E6121BF22375003AB4B5 /* Protocols */,
				65CB24C31BEE2DCF009E988E /* Models */,
				65CB24BE1BEE2594009E988E /* Extensions */,
				6557A92F1BE6183200891879 /* Views */,
				6557A92C1BE617DD00891879 /* Controllers */,
				6557A8F11BE600D900891879 /* Assets.xcassets */,
				6557A8F31BE600D900891879 /* LaunchScreen.storyboard */,
				6557A8F61BE600D900891879 /* Info.plist */,
				6557A8EE1BE600D900891879 /* F.xcdatamodeld */,
				65A59F021BF26BFE0076DCCE /* Localizable_CN.strings */,
				65A59F091BF26C5E0076DCCE /* Localizable_EN.strings */,
			);
			path = F;
			sourceTree = "<group>";
		};
		6557A8FE1BE600D900891879 /* FTests */ = {
			isa = PBXGroup;
			children = (
				6557A8FF1BE600D900891879 /* FTests.swift */,
				6557A9011BE600D900891879 /* Info.plist */,
				65A59F6E1BF914600076DCCE /* FActionTests.swift */,
			);
			path = FTests;
			sourceTree = "<group>";
		};
		6557A9091BE600D900891879 /* FUITests */ = {
			isa = PBXGroup;
			children = (
				6557A90A1BE600D900891879 /* FUITests.swift */,
				6557A90C1BE600D900891879 /* Info.plist */,
			);
			path = FUITests;
			sourceTree = "<group>";
		};
		6557A9241BE60F7D00891879 /* Library */ = {
			isa = PBXGroup;
			children = (
				6557A9251BE60F9900891879 /* Alamofire-SwiftyJSON.swift */,
				6540A76F1BEA6B870056D692 /* DeviceGuru.swift */,
				656F3B221BEBEBC5004F62C0 /* extension.swift */,
				656F3B241BEBECB8004F62C0 /* Bridging-Header.h */,
				6584E60F1BF22307003AB4B5 /* F */,
				65A59F9A1BF919ED0076DCCE /* Alamofire-SwiftyJSON.h */,
			);
			path = Library;
			sourceTree = "<group>";
		};
		6557A92C1BE617DD00891879 /* Controllers */ = {
			isa = PBXGroup;
			children = (
				65CB24BB1BEE24FA009E988E /* Application */,
				65FC06621BEE1CBD007D5DE6 /* Fluxes */,
				656F3B1D1BEBD2D9004F62C0 /* Users */,
			);
			path = Controllers;
			sourceTree = "<group>";
		};
		6557A92F1BE6183200891879 /* Views */ = {
			isa = PBXGroup;
			children = (
				6557A9501BE6492900891879 /* ViewConstants.swift */,
				6557A94D1BE648A800891879 /* PublicCells */,
				6557A9301BE6184000891879 /* CustomTableViewCells */,
			);
			path = Views;
			sourceTree = "<group>";
		};
		6557A9301BE6184000891879 /* CustomTableViewCells */ = {
			isa = PBXGroup;
			children = (
				6557A9311BE62E8E00891879 /* FluxesTableViewCell.swift */,
				65FC06651BEE1F1F007D5DE6 /* FluxCell.swift */,
			);
			path = CustomTableViewCells;
			sourceTree = "<group>";
		};
		6557A94D1BE648A800891879 /* PublicCells */ = {
			isa = PBXGroup;
			children = (
				653917541BE9160200EEAD6C /* BasicClass */,
				6557A9351BE6489D00891879 /* Annotation_TableViewCell.swift */,
				6557A9361BE6489D00891879 /* AvatarTableViewCell.swift */,
				6557A9371BE6489D00891879 /* BlockButton_TableViewCell.swift */,
				6557A9381BE6489D00891879 /* FunctionTableViewCell.swift */,
				6557A9391BE6489D00891879 /* Indicator_TableViewCell.swift */,
				6557A93A1BE6489D00891879 /* PasswordField_TableViewCell.swift */,
				6557A93B1BE6489D00891879 /* PasswordFieldWithLabel_TableViewCell.swift */,
				6557A93C1BE6489D00891879 /* TextField_TableViewCell.swift */,
				6557A93E1BE6489D00891879 /* TextFieldWithButton_TableViewCell.swift */,
				6557A93F1BE6489D00891879 /* TextFieldWithLabel_TableViewCell.swift */,
				6557A9401BE6489D00891879 /* TextFieldWithLabelFullWidth_TableViewCell.swift */,
			);
			path = PublicCells;
			sourceTree = "<group>";
		};
		656F3B1D1BEBD2D9004F62C0 /* Users */ = {
			isa = PBXGroup;
			children = (
				656F3B1E1BEBD2FD004F62C0 /* Login.swift */,
				656F3B201BEBD4CF004F62C0 /* Register.swift */,
				656F3B251BEC64AE004F62C0 /* UsersList.swift */,
			);
			path = Users;
			sourceTree = "<group>";
		};
		6584E60F1BF22307003AB4B5 /* F */ = {
			isa = PBXGroup;
			children = (
				6557A9541BE65F3900891879 /* FTool.swift */,
				653917551BE9227100EEAD6C /* FAction.swift */,
				65CB24C11BEE296C009E988E /* FHelper.swift */,
				6584E6101BF22354003AB4B5 /* FStatus.swift */,
				6584E6151BF22C74003AB4B5 /* FConstant.swift */,
				65A59F6C1BF909510076DCCE /* FNetwork.swift */,
			);
			name = F;
			sourceTree = "<group>";
		};
		6584E6121BF22375003AB4B5 /* Protocols */ = {
			isa = PBXGroup;
			children = (
				6584E6131BF2242E003AB4B5 /* FStatusProtocols.swift */,
			);
			path = Protocols;
			sourceTree = "<group>";
		};
		65CB24BB1BEE24FA009E988E /* Application */ = {
			isa = PBXGroup;
			children = (
				6557A94E1BE648E200891879 /* PublicTableViewController.swift */,
				65CB24C61BEE42C3009E988E /* MainTabBarController.swift */,
			);
			name = Application;
			sourceTree = "<group>";
		};
		65CB24BE1BEE2594009E988E /* Extensions */ = {
			isa = PBXGroup;
			children = (
				65CB24BF1BEE25BE009E988E /* UIViewControllerExtension.swift */,
			);
			path = Extensions;
			sourceTree = "<group>";
		};
		65CB24C31BEE2DCF009E988E /* Models */ = {
			isa = PBXGroup;
			children = (
				65CB24C41BEE2DEA009E988E /* User.swift */,
			);
			path = Models;
			sourceTree = "<group>";
		};
		65FC06621BEE1CBD007D5DE6 /* Fluxes */ = {
			isa = PBXGroup;
			children = (
				6557A92D1BE6181500891879 /* FluxesTableViewController.swift */,
				65FC06631BEE1CDF007D5DE6 /* Flux.swift */,
				65496E8C1BF12D1600117B50 /* newFlux.swift */,
			);
			path = Fluxes;
			sourceTree = "<group>";
		};
/* End PBXGroup section */

/* Begin PBXNativeTarget section */
		6557A8E31BE600D900891879 /* F */ = {
			isa = PBXNativeTarget;
			buildConfigurationList = 6557A90F1BE600D900891879 /* Build configuration list for PBXNativeTarget "F" */;
			buildPhases = (
				6557A8E01BE600D900891879 /* Sources */,
				6557A8E11BE600D900891879 /* Frameworks */,
				6557A8E21BE600D900891879 /* Resources */,
				6557A92B1BE6144E00891879 /* ShellScript */,
			);
			buildRules = (
			);
			dependencies = (
			);
			name = F;
			productName = F;
			productReference = 6557A8E41BE600D900891879 /* F.app */;
			productType = "com.apple.product-type.application";
		};
		6557A8FA1BE600D900891879 /* FTests */ = {
			isa = PBXNativeTarget;
			buildConfigurationList = 6557A9121BE600D900891879 /* Build configuration list for PBXNativeTarget "FTests" */;
			buildPhases = (
				6557A8F71BE600D900891879 /* Sources */,
				6557A8F81BE600D900891879 /* Frameworks */,
				6557A8F91BE600D900891879 /* Resources */,
				65A59F791BF914BA0076DCCE /* ShellScript */,
			);
			buildRules = (
			);
			dependencies = (
				6557A8FD1BE600D900891879 /* PBXTargetDependency */,
			);
			name = FTests;
			productName = FTests;
			productReference = 6557A8FB1BE600D900891879 /* FTests.xctest */;
			productType = "com.apple.product-type.bundle.unit-test";
		};
		6557A9051BE600D900891879 /* FUITests */ = {
			isa = PBXNativeTarget;
			buildConfigurationList = 6557A9151BE600D900891879 /* Build configuration list for PBXNativeTarget "FUITests" */;
			buildPhases = (
				6557A9021BE600D900891879 /* Sources */,
				6557A9031BE600D900891879 /* Frameworks */,
				6557A9041BE600D900891879 /* Resources */,
			);
			buildRules = (
			);
			dependencies = (
				6557A9081BE600D900891879 /* PBXTargetDependency */,
			);
			name = FUITests;
			productName = FUITests;
			productReference = 6557A9061BE600D900891879 /* FUITests.xctest */;
			productType = "com.apple.product-type.bundle.ui-testing";
		};
/* End PBXNativeTarget section */

/* Begin PBXProject section */
		6557A8DC1BE600D900891879 /* Project object */ = {
			isa = PBXProject;
			attributes = {
				LastUpgradeCheck = 0710;
				ORGANIZATIONNAME = TIDELAB;
				TargetAttributes = {
					6557A8E31BE600D900891879 = {
						CreatedOnToolsVersion = 7.1;
						DevelopmentTeam = SK8W4L32D6;
						SystemCapabilities = {
							com.apple.BackgroundModes = {
								enabled = 1;
							};
							com.apple.Push = {
								enabled = 1;
							};
						};
					};
					6557A8FA1BE600D900891879 = {
						CreatedOnToolsVersion = 7.1;
						TestTargetID = 6557A8E31BE600D900891879;
					};
					6557A9051BE600D900891879 = {
						CreatedOnToolsVersion = 7.1;
						TestTargetID = 6557A8E31BE600D900891879;
					};
				};
			};
			buildConfigurationList = 6557A8DF1BE600D900891879 /* Build configuration list for PBXProject "F" */;
			compatibilityVersion = "Xcode 3.2";
			developmentRegion = English;
			hasScannedForEncodings = 0;
			knownRegions = (
				Base,
			);
			mainGroup = 6557A8DB1BE600D900891879;
			productRefGroup = 6557A8E51BE600D900891879 /* Products */;
			projectDirPath = "";
			projectRoot = "";
			targets = (
				6557A8E31BE600D900891879 /* F */,
				6557A8FA1BE600D900891879 /* FTests */,
				6557A9051BE600D900891879 /* FUITests */,
			);
		};
/* End PBXProject section */

/* Begin PBXResourcesBuildPhase section */
		6557A8E21BE600D900891879 /* Resources */ = {
			isa = PBXResourcesBuildPhase;
			buildActionMask = 2147483647;
			files = (
				65496E8B1BF1295A00117B50 /* images in Resources */,
				65A59F001BF26BFE0076DCCE /* Localizable_CN.strings in Resources */,
				65A59F071BF26C5E0076DCCE /* Localizable_EN.strings in Resources */,
				6557A9571BE65FE000891879 /* Configuration in Resources */,
				6557A8F51BE600D900891879 /* LaunchScreen.storyboard in Resources */,
				6557A8F21BE600D900891879 /* Assets.xcassets in Resources */,
				6557A8ED1BE600D900891879 /* Main.storyboard in Resources */,
			);
			runOnlyForDeploymentPostprocessing = 0;
		};
		6557A8F91BE600D900891879 /* Resources */ = {
			isa = PBXResourcesBuildPhase;
			buildActionMask = 2147483647;
			files = (
			);
			runOnlyForDeploymentPostprocessing = 0;
		};
		6557A9041BE600D900891879 /* Resources */ = {
			isa = PBXResourcesBuildPhase;
			buildActionMask = 2147483647;
			files = (
			);
			runOnlyForDeploymentPostprocessing = 0;
		};
/* End PBXResourcesBuildPhase section */

/* Begin PBXShellScriptBuildPhase section */
		6557A92B1BE6144E00891879 /* ShellScript */ = {
			isa = PBXShellScriptBuildPhase;
			buildActionMask = 2147483647;
			files = (
			);
			inputPaths = (
				"$(SRCROOT)/Carthage/Build/iOS/SwiftyJSON.framework",
				"$(SRCROOT)/Carthage/Build/iOS/Alamofire.framework",
				"$(SRCROOT)/Carthage/Build/iOS/KeychainAccess.framework",
			);
			outputPaths = (
			);
			runOnlyForDeploymentPostprocessing = 0;
			shellPath = /bin/sh;
			shellScript = "/usr/local/bin/carthage copy-frameworks";
		};
		65A59F791BF914BA0076DCCE /* ShellScript */ = {
			isa = PBXShellScriptBuildPhase;
			buildActionMask = 2147483647;
			files = (
			);
			inputPaths = (
				"$(SRCROOT)/Carthage/Build/iOS/SwiftyJSON.framework",
				"$(SRCROOT)/Carthage/Build/iOS/Alamofire.framework",
				"$(SRCROOT)/Carthage/Build/iOS/KeychainAccess.framework",
			);
			outputPaths = (
			);
			runOnlyForDeploymentPostprocessing = 0;
			shellPath = /bin/sh;
			shellScript = "/usr/local/bin/carthage copy-frameworks";
		};
/* End PBXShellScriptBuildPhase section */

/* Begin PBXSourcesBuildPhase section */
		6557A8E01BE600D900891879 /* Sources */ = {
			isa = PBXSourcesBuildPhase;
			buildActionMask = 2147483647;
			files = (
				65A59F9C1BF91A120076DCCE /* Alamofire-SwiftyJSON.h in Sources */,
				6557A9511BE6492900891879 /* ViewConstants.swift in Sources */,
				6557A94F1BE648E200891879 /* PublicTableViewController.swift in Sources */,
				6557A9411BE6489D00891879 /* Annotation_TableViewCell.swift in Sources */,
				6557A9421BE6489D00891879 /* AvatarTableViewCell.swift in Sources */,
				656F3B261BEC64AE004F62C0 /* UsersList.swift in Sources */,
				656F3B211BEBD4CF004F62C0 /* Register.swift in Sources */,
				6584E6161BF22C74003AB4B5 /* FConstant.swift in Sources */,
				65496E8D1BF12D1600117B50 /* newFlux.swift in Sources */,
				6557A9431BE6489D00891879 /* BlockButton_TableViewCell.swift in Sources */,
				6557A9441BE6489D00891879 /* FunctionTableViewCell.swift in Sources */,
				6540A7701BEA6B870056D692 /* DeviceGuru.swift in Sources */,
				653917561BE9227100EEAD6C /* FAction.swift in Sources */,
				6557A9551BE65F3900891879 /* FTool.swift in Sources */,
				6557A9451BE6489D00891879 /* Indicator_TableViewCell.swift in Sources */,
				6557A9461BE6489D00891879 /* PasswordField_TableViewCell.swift in Sources */,
				6557A9471BE6489D00891879 /* PasswordFieldWithLabel_TableViewCell.swift in Sources */,
				65CB24C21BEE296C009E988E /* FHelper.swift in Sources */,
				65FC06661BEE1F1F007D5DE6 /* FluxCell.swift in Sources */,
				65CB24C71BEE42C3009E988E /* MainTabBarController.swift in Sources */,
				6557A9481BE6489D00891879 /* TextField_TableViewCell.swift in Sources */,
				6557A9491BE6489D00891879 /* TextFieldTableViewCell.swift in Sources */,
				6557A94A1BE6489D00891879 /* TextFieldWithButton_TableViewCell.swift in Sources */,
				65CB24C01BEE25BE009E988E /* UIViewControllerExtension.swift in Sources */,
				6584E6141BF2242E003AB4B5 /* FStatusProtocols.swift in Sources */,
				6557A94B1BE6489D00891879 /* TextFieldWithLabel_TableViewCell.swift in Sources */,
				6557A94C1BE6489D00891879 /* TextFieldWithLabelFullWidth_TableViewCell.swift in Sources */,
				6557A9321BE62E8E00891879 /* FluxesTableViewCell.swift in Sources */,
				6557A8F01BE600D900891879 /* F.xcdatamodeld in Sources */,
				65A59F6D1BF909510076DCCE /* FNetwork.swift in Sources */,
				6540A76E1BEA545B0056D692 /* Config.swift in Sources */,
				656F3B231BEBEBC5004F62C0 /* extension.swift in Sources */,
				6557A9261BE60F9900891879 /* Alamofire-SwiftyJSON.swift in Sources */,
				656F3B1F1BEBD2FD004F62C0 /* Login.swift in Sources */,
				6584E6111BF22354003AB4B5 /* FStatus.swift in Sources */,
				6557A8E81BE600D900891879 /* AppDelegate.swift in Sources */,
				65FC06641BEE1CDF007D5DE6 /* Flux.swift in Sources */,
				653917531BE915FB00EEAD6C /* PublicTableViewCell.swift in Sources */,
				6557A92E1BE6181500891879 /* FluxesTableViewController.swift in Sources */,
				65CB24C51BEE2DEA009E988E /* User.swift in Sources */,
			);
			runOnlyForDeploymentPostprocessing = 0;
		};
		6557A8F71BE600D900891879 /* Sources */ = {
			isa = PBXSourcesBuildPhase;
			buildActionMask = 2147483647;
			files = (
				65A59F9B1BF91A0C0076DCCE /* Alamofire-SwiftyJSON.h in Sources */,
				65A59F901BF915EC0076DCCE /* UIViewControllerExtension.swift in Sources */,
				65A59F911BF915EC0076DCCE /* FluxesTableViewCell.swift in Sources */,
				65A59F921BF915EC0076DCCE /* FluxCell.swift in Sources */,
				65A59F931BF915EC0076DCCE /* MainTabBarController.swift in Sources */,
				65A59F941BF915EC0076DCCE /* FluxesTableViewController.swift in Sources */,
				65A59F951BF915EC0076DCCE /* Flux.swift in Sources */,
				65A59F961BF915EC0076DCCE /* newFlux.swift in Sources */,
				65A59F971BF915EC0076DCCE /* Login.swift in Sources */,
				65A59F981BF915EC0076DCCE /* Register.swift in Sources */,
				65A59F991BF915EC0076DCCE /* UsersList.swift in Sources */,
				65A59F831BF915D50076DCCE /* TextFieldTableViewCell.swift in Sources */,
				65A59F841BF915D50076DCCE /* PublicTableViewCell.swift in Sources */,
				65A59F851BF915D50076DCCE /* Annotation_TableViewCell.swift in Sources */,
				65A59F861BF915D50076DCCE /* AvatarTableViewCell.swift in Sources */,
				65A59F871BF915D50076DCCE /* BlockButton_TableViewCell.swift in Sources */,
				65A59F881BF915D50076DCCE /* FunctionTableViewCell.swift in Sources */,
				65A59F891BF915D50076DCCE /* Indicator_TableViewCell.swift in Sources */,
				65A59F8A1BF915D50076DCCE /* PasswordField_TableViewCell.swift in Sources */,
				65A59F8B1BF915D50076DCCE /* PasswordFieldWithLabel_TableViewCell.swift in Sources */,
				65A59F8C1BF915D50076DCCE /* TextField_TableViewCell.swift in Sources */,
				65A59F8D1BF915D50076DCCE /* TextFieldWithButton_TableViewCell.swift in Sources */,
				65A59F8E1BF915D50076DCCE /* TextFieldWithLabel_TableViewCell.swift in Sources */,
				65A59F8F1BF915D50076DCCE /* TextFieldWithLabelFullWidth_TableViewCell.swift in Sources */,
				65A59F801BF915CE0076DCCE /* DeviceGuru.swift in Sources */,
				65A59F821BF915CE0076DCCE /* Bridging-Header.h in Sources */,
				65A59F731BF914810076DCCE /* FStatus.swift in Sources */,
				65A59F751BF9148A0076DCCE /* FNetwork.swift in Sources */,
				65A59F711BF9147B0076DCCE /* FAction.swift in Sources */,
				65A59F7C1BF9155C0076DCCE /* PublicTableViewController.swift in Sources */,
				65A59F6F1BF914600076DCCE /* FActionTests.swift in Sources */,
				65A59F7D1BF915650076DCCE /* Config.swift in Sources */,
				65A59F7E1BF9157A0076DCCE /* ViewConstants.swift in Sources */,
				65A59F721BF9147E0076DCCE /* FHelper.swift in Sources */,
				65A59F7A1BF915420076DCCE /* User.swift in Sources */,
				6557A9001BE600D900891879 /* FTests.swift in Sources */,
				65A59F701BF914770076DCCE /* FTool.swift in Sources */,
				65A59F7B1BF915460076DCCE /* FStatusProtocols.swift in Sources */,
				65A59F741BF914870076DCCE /* FConstant.swift in Sources */,
			);
			runOnlyForDeploymentPostprocessing = 0;
		};
		6557A9021BE600D900891879 /* Sources */ = {
			isa = PBXSourcesBuildPhase;
			buildActionMask = 2147483647;
			files = (
				6557A90B1BE600D900891879 /* FUITests.swift in Sources */,
			);
			runOnlyForDeploymentPostprocessing = 0;
		};
/* End PBXSourcesBuildPhase section */

/* Begin PBXTargetDependency section */
		6557A8FD1BE600D900891879 /* PBXTargetDependency */ = {
			isa = PBXTargetDependency;
			target = 6557A8E31BE600D900891879 /* F */;
			targetProxy = 6557A8FC1BE600D900891879 /* PBXContainerItemProxy */;
		};
		6557A9081BE600D900891879 /* PBXTargetDependency */ = {
			isa = PBXTargetDependency;
			target = 6557A8E31BE600D900891879 /* F */;
			targetProxy = 6557A9071BE600D900891879 /* PBXContainerItemProxy */;
		};
/* End PBXTargetDependency section */

/* Begin PBXVariantGroup section */
		6557A8EB1BE600D900891879 /* Main.storyboard */ = {
			isa = PBXVariantGroup;
			children = (
				6557A8EC1BE600D900891879 /* Base */,
				65A59EFA1BF26A9E0076DCCE /* zh-Hans */,
				65A59EFC1BF26B9C0076DCCE /* en */,
			);
			name = Main.storyboard;
			sourceTree = "<group>";
		};
		6557A8F31BE600D900891879 /* LaunchScreen.storyboard */ = {
			isa = PBXVariantGroup;
			children = (
				6557A8F41BE600D900891879 /* Base */,
				65A59EFB1BF26A9E0076DCCE /* zh-Hans */,
				65A59EFD1BF26B9C0076DCCE /* en */,
			);
			name = LaunchScreen.storyboard;
			sourceTree = "<group>";
		};
		65A59F021BF26BFE0076DCCE /* Localizable_CN.strings */ = {
			isa = PBXVariantGroup;
			children = (
				65A59F011BF26BFE0076DCCE /* zh-Hans */,
			);
			name = Localizable_CN.strings;
			sourceTree = "<group>";
		};
		65A59F091BF26C5E0076DCCE /* Localizable_EN.strings */ = {
			isa = PBXVariantGroup;
			children = (
				65A59F081BF26C5E0076DCCE /* en */,
			);
			name = Localizable_EN.strings;
			sourceTree = "<group>";
		};
/* End PBXVariantGroup section */

/* Begin XCBuildConfiguration section */
		6557A90D1BE600D900891879 /* Debug */ = {
			isa = XCBuildConfiguration;
			buildSettings = {
				ALWAYS_SEARCH_USER_PATHS = NO;
				CLANG_CXX_LANGUAGE_STANDARD = "gnu++0x";
				CLANG_CXX_LIBRARY = "libc++";
				CLANG_ENABLE_MODULES = YES;
				CLANG_ENABLE_OBJC_ARC = YES;
				CLANG_WARN_BOOL_CONVERSION = YES;
				CLANG_WARN_CONSTANT_CONVERSION = YES;
				CLANG_WARN_DIRECT_OBJC_ISA_USAGE = YES_ERROR;
				CLANG_WARN_EMPTY_BODY = YES;
				CLANG_WARN_ENUM_CONVERSION = YES;
				CLANG_WARN_INT_CONVERSION = YES;
				CLANG_WARN_OBJC_ROOT_CLASS = YES_ERROR;
				CLANG_WARN_UNREACHABLE_CODE = YES;
				CLANG_WARN__DUPLICATE_METHOD_MATCH = YES;
				"CODE_SIGN_IDENTITY[sdk=iphoneos*]" = "iPhone Developer";
				COPY_PHASE_STRIP = NO;
				DEBUG_INFORMATION_FORMAT = dwarf;
				ENABLE_STRICT_OBJC_MSGSEND = YES;
				ENABLE_TESTABILITY = YES;
				GCC_C_LANGUAGE_STANDARD = gnu99;
				GCC_DYNAMIC_NO_PIC = NO;
				GCC_NO_COMMON_BLOCKS = YES;
				GCC_OPTIMIZATION_LEVEL = 0;
				GCC_PREPROCESSOR_DEFINITIONS = (
					"DEBUG=1",
					"$(inherited)",
				);
				GCC_WARN_64_TO_32_BIT_CONVERSION = YES;
				GCC_WARN_ABOUT_RETURN_TYPE = YES_ERROR;
				GCC_WARN_UNDECLARED_SELECTOR = YES;
				GCC_WARN_UNINITIALIZED_AUTOS = YES_AGGRESSIVE;
				GCC_WARN_UNUSED_FUNCTION = YES;
				GCC_WARN_UNUSED_VARIABLE = YES;
				IPHONEOS_DEPLOYMENT_TARGET = 9.1;
				MTL_ENABLE_DEBUG_INFO = YES;
				ONLY_ACTIVE_ARCH = YES;
				SDKROOT = iphoneos;
				SWIFT_OPTIMIZATION_LEVEL = "-Onone";
				TARGETED_DEVICE_FAMILY = "1,2";
			};
			name = Debug;
		};
		6557A90E1BE600D900891879 /* Release */ = {
			isa = XCBuildConfiguration;
			buildSettings = {
				ALWAYS_SEARCH_USER_PATHS = NO;
				CLANG_CXX_LANGUAGE_STANDARD = "gnu++0x";
				CLANG_CXX_LIBRARY = "libc++";
				CLANG_ENABLE_MODULES = YES;
				CLANG_ENABLE_OBJC_ARC = YES;
				CLANG_WARN_BOOL_CONVERSION = YES;
				CLANG_WARN_CONSTANT_CONVERSION = YES;
				CLANG_WARN_DIRECT_OBJC_ISA_USAGE = YES_ERROR;
				CLANG_WARN_EMPTY_BODY = YES;
				CLANG_WARN_ENUM_CONVERSION = YES;
				CLANG_WARN_INT_CONVERSION = YES;
				CLANG_WARN_OBJC_ROOT_CLASS = YES_ERROR;
				CLANG_WARN_UNREACHABLE_CODE = YES;
				CLANG_WARN__DUPLICATE_METHOD_MATCH = YES;
				"CODE_SIGN_IDENTITY[sdk=iphoneos*]" = "iPhone Developer";
				COPY_PHASE_STRIP = NO;
				DEBUG_INFORMATION_FORMAT = "dwarf-with-dsym";
				ENABLE_NS_ASSERTIONS = NO;
				ENABLE_STRICT_OBJC_MSGSEND = YES;
				GCC_C_LANGUAGE_STANDARD = gnu99;
				GCC_NO_COMMON_BLOCKS = YES;
				GCC_WARN_64_TO_32_BIT_CONVERSION = YES;
				GCC_WARN_ABOUT_RETURN_TYPE = YES_ERROR;
				GCC_WARN_UNDECLARED_SELECTOR = YES;
				GCC_WARN_UNINITIALIZED_AUTOS = YES_AGGRESSIVE;
				GCC_WARN_UNUSED_FUNCTION = YES;
				GCC_WARN_UNUSED_VARIABLE = YES;
				IPHONEOS_DEPLOYMENT_TARGET = 9.1;
				MTL_ENABLE_DEBUG_INFO = NO;
				SDKROOT = iphoneos;
				TARGETED_DEVICE_FAMILY = "1,2";
				VALIDATE_PRODUCT = YES;
			};
			name = Release;
		};
		6557A9101BE600D900891879 /* Debug */ = {
			isa = XCBuildConfiguration;
			buildSettings = {
				ASSETCATALOG_COMPILER_APPICON_NAME = AppIcon;
				CODE_SIGN_IDENTITY = "iPhone Developer";
				"CODE_SIGN_IDENTITY[sdk=iphoneos*]" = "iPhone Developer";
				FRAMEWORK_SEARCH_PATHS = (
					"$(inherited)",
					"$(PROJECT_DIR)/Carthage/Build/iOS",
				);
				INFOPLIST_FILE = F/Info.plist;
				IPHONEOS_DEPLOYMENT_TARGET = 8.0;
				LD_RUNPATH_SEARCH_PATHS = "$(inherited) @executable_path/Frameworks";
				PRODUCT_BUNDLE_IDENTIFIER = com.bijiabo.F;
				PRODUCT_NAME = "$(TARGET_NAME)";
				PROVISIONING_PROFILE = "";
				SWIFT_OBJC_BRIDGING_HEADER = "Library/Bridging-Header.h";
			};
			name = Debug;
		};
		6557A9111BE600D900891879 /* Release */ = {
			isa = XCBuildConfiguration;
			buildSettings = {
				ASSETCATALOG_COMPILER_APPICON_NAME = AppIcon;
				CODE_SIGN_IDENTITY = "iPhone Developer";
				"CODE_SIGN_IDENTITY[sdk=iphoneos*]" = "iPhone Developer";
				FRAMEWORK_SEARCH_PATHS = (
					"$(inherited)",
					"$(PROJECT_DIR)/Carthage/Build/iOS",
				);
				INFOPLIST_FILE = F/Info.plist;
				IPHONEOS_DEPLOYMENT_TARGET = 8.0;
				LD_RUNPATH_SEARCH_PATHS = "$(inherited) @executable_path/Frameworks";
				PRODUCT_BUNDLE_IDENTIFIER = com.bijiabo.F;
				PRODUCT_NAME = "$(TARGET_NAME)";
				PROVISIONING_PROFILE = "";
				SWIFT_OBJC_BRIDGING_HEADER = "Library/Bridging-Header.h";
			};
			name = Release;
		};
		6557A9131BE600D900891879 /* Debug */ = {
			isa = XCBuildConfiguration;
			buildSettings = {
				BUNDLE_LOADER = "$(TEST_HOST)";
				FRAMEWORK_SEARCH_PATHS = (
					"$(inherited)",
					"$(PROJECT_DIR)/Carthage/Build/iOS",
				);
				INFOPLIST_FILE = FTests/Info.plist;
				LD_RUNPATH_SEARCH_PATHS = "$(inherited) @executable_path/Frameworks @loader_path/Frameworks";
				PRODUCT_BUNDLE_IDENTIFIER = com.bijiabo.FTests;
				PRODUCT_NAME = "$(TARGET_NAME)";
				TEST_HOST = "$(BUILT_PRODUCTS_DIR)/F.app/F";
			};
			name = Debug;
		};
		6557A9141BE600D900891879 /* Release */ = {
			isa = XCBuildConfiguration;
			buildSettings = {
				BUNDLE_LOADER = "$(TEST_HOST)";
				FRAMEWORK_SEARCH_PATHS = (
					"$(inherited)",
					"$(PROJECT_DIR)/Carthage/Build/iOS",
				);
				INFOPLIST_FILE = FTests/Info.plist;
				LD_RUNPATH_SEARCH_PATHS = "$(inherited) @executable_path/Frameworks @loader_path/Frameworks";
				PRODUCT_BUNDLE_IDENTIFIER = com.bijiabo.FTests;
				PRODUCT_NAME = "$(TARGET_NAME)";
				TEST_HOST = "$(BUILT_PRODUCTS_DIR)/F.app/F";
			};
			name = Release;
		};
		6557A9161BE600D900891879 /* Debug */ = {
			isa = XCBuildConfiguration;
			buildSettings = {
				INFOPLIST_FILE = FUITests/Info.plist;
				LD_RUNPATH_SEARCH_PATHS = "$(inherited) @executable_path/Frameworks @loader_path/Frameworks";
				PRODUCT_BUNDLE_IDENTIFIER = com.bijiabo.FUITests;
				PRODUCT_NAME = "$(TARGET_NAME)";
				TEST_TARGET_NAME = F;
				USES_XCTRUNNER = YES;
			};
			name = Debug;
		};
		6557A9171BE600D900891879 /* Release */ = {
			isa = XCBuildConfiguration;
			buildSettings = {
				INFOPLIST_FILE = FUITests/Info.plist;
				LD_RUNPATH_SEARCH_PATHS = "$(inherited) @executable_path/Frameworks @loader_path/Frameworks";
				PRODUCT_BUNDLE_IDENTIFIER = com.bijiabo.FUITests;
				PRODUCT_NAME = "$(TARGET_NAME)";
				TEST_TARGET_NAME = F;
				USES_XCTRUNNER = YES;
			};
			name = Release;
		};
/* End XCBuildConfiguration section */

/* Begin XCConfigurationList section */
		6557A8DF1BE600D900891879 /* Build configuration list for PBXProject "F" */ = {
			isa = XCConfigurationList;
			buildConfigurations = (
				6557A90D1BE600D900891879 /* Debug */,
				6557A90E1BE600D900891879 /* Release */,
			);
			defaultConfigurationIsVisible = 0;
			defaultConfigurationName = Release;
		};
		6557A90F1BE600D900891879 /* Build configuration list for PBXNativeTarget "F" */ = {
			isa = XCConfigurationList;
			buildConfigurations = (
				6557A9101BE600D900891879 /* Debug */,
				6557A9111BE600D900891879 /* Release */,
			);
			defaultConfigurationIsVisible = 0;
			defaultConfigurationName = Release;
		};
		6557A9121BE600D900891879 /* Build configuration list for PBXNativeTarget "FTests" */ = {
			isa = XCConfigurationList;
			buildConfigurations = (
				6557A9131BE600D900891879 /* Debug */,
				6557A9141BE600D900891879 /* Release */,
			);
			defaultConfigurationIsVisible = 0;
			defaultConfigurationName = Release;
		};
		6557A9151BE600D900891879 /* Build configuration list for PBXNativeTarget "FUITests" */ = {
			isa = XCConfigurationList;
			buildConfigurations = (
				6557A9161BE600D900891879 /* Debug */,
				6557A9171BE600D900891879 /* Release */,
			);
			defaultConfigurationIsVisible = 0;
			defaultConfigurationName = Release;
		};
/* End XCConfigurationList section */

/* Begin XCVersionGroup section */
		6557A8EE1BE600D900891879 /* F.xcdatamodeld */ = {
			isa = XCVersionGroup;
			children = (
				6557A8EF1BE600D900891879 /* F.xcdatamodel */,
			);
			currentVersion = 6557A8EF1BE600D900891879 /* F.xcdatamodel */;
			path = F.xcdatamodeld;
			sourceTree = "<group>";
			versionGroupType = wrapper.xcdatamodel;
		};
/* End XCVersionGroup section */
	};
	rootObject = 6557A8DC1BE600D900891879 /* Project object */;
}
